
Microsoft Visual Studio Solution File, Format Version 12.00
# Visual Studio Version 16
VisualStudioVersion = 16.0.29509.3
MinimumVisualStudioVersion = 10.0.40219.1
Project("{FAE04EC0-301F-11D3-BF4B-00C04F79EFBC}") = "ExercicioVetores", "ExercicioVetores\ExercicioVetores.csproj", "{5AD0CC8F-C227-4F35-A537-CD64C721FE80}"
EndProject
Project("{FAE04EC0-301F-11D3-BF4B-00C04F79EFBC}") = "Parametro", "Parametro\Parametro.csproj", "{DE933074-4622-48A9-B5AE-2F8AEEA75066}"
EndProject
Global
	GlobalSection(SolutionConfigurationPlatforms) = preSolution
		Debug|Any CPU = Debug|Any CPU
		Release|Any CPU = Release|Any CPU
	EndGlobalSection
	GlobalSection(ProjectConfigurationPlatforms) = postSolution
		{5AD0CC8F-C227-4F35-A537-CD64C721FE80}.Debug|Any CPU.ActiveCfg = Debug|Any CPU
		{5AD0CC8F-C227-4F35-A537-CD64C721FE80}.Debug|Any CPU.Build.0 = Debug|Any CPU
		{5AD0CC8F-C227-4F35-A537-CD64C721FE80}.Release|Any CPU.ActiveCfg = Release|Any CPU
		{5AD0CC8F-C227-4F35-A537-CD64C721FE80}.Release|Any CPU.Build.0 = Release|Any CPU
		{DE933074-4622-48A9-B5AE-2F8AEEA75066}.Debug|Any CPU.ActiveCfg = Debug|Any CPU
		{DE933074-4622-48A9-B5AE-2F8AEEA75066}.Debug|Any CPU.Build.0 = Debug|Any CPU
		{DE933074-4622-48A9-B5AE-2F8AEEA75066}.Release|Any CPU.ActiveCfg = Release|Any CPU
		{DE933074-4622-48A9-B5AE-2F8AEEA75066}.Release|Any CPU.Build.0 = Release|Any CPU
	EndGlobalSection
	GlobalSection(SolutionProperties) = preSolution
		HideSolutionNode = FALSE
	EndGlobalSection
	GlobalSection(ExtensibilityGlobals) = postSolution
		SolutionGuid = {F895B62E-DAFE-4BD5-AA3F-5E470A749830}
	EndGlobalSection
EndGlobal
